<?xml version="1.0" encoding="utf-8"?>
<Project ToolsVersion="4.0" xmlns="http://schemas.microsoft.com/developer/msbuild/2003">
  <ItemGroup>
    <Filter Include="Source Files">
      <UniqueIdentifier>{4FC737F1-C7A5-4376-A066-2A32D752A2FF}</UniqueIdentifier>
      <Extensions>cpp;c;cc;cxx;c++;cppm;ixx;def;odl;idl;hpj;bat;asm;asmx</Extensions>
    </Filter>
    <Filter Include="Header Files">
      <UniqueIdentifier>{93995380-89BD-4b04-88EB-625FBE52EBFB}</UniqueIdentifier>
      <Extensions>h;hh;hpp;hxx;h++;hm;inl;inc;ipp;xsd</Extensions>
    </Filter>
    <Filter Include="Resource Files">
      <UniqueIdentifier>{67DA6AB6-F800-4c08-8B7A-83BB121AAD01}</UniqueIdentifier>
      <Extensions>rc;ico;cur;bmp;dlg;rc2;rct;bin;rgs;gif;jpg;jpeg;jpe;resx;tiff;tif;png;wav;mfcribbon-ms</Extensions>
    </Filter>
    <Filter Include="Source Files\Display">
      <UniqueIdentifier>{86138c1a-5e06-4d50-bbd4-5548278c9b70}</UniqueIdentifier>
    </Filter>
    <Filter Include="Source Files\Vector">
      <UniqueIdentifier>{36dbe61a-b6ce-489a-b018-485c4280bc0f}</UniqueIdentifier>
    </Filter>
    <Filter Include="Source Files\Tracer">
      <UniqueIdentifier>{4cc61242-2ad8-45f3-98ee-4410fc31487b}</UniqueIdentifier>
    </Filter>
    <Filter Include="Source Files\Ray">
      <UniqueIdentifier>{9c30f961-acc4-4f4c-8f2c-83056eff7453}</UniqueIdentifier>
    </Filter>
    <Filter Include="Source Files\Sphere">
      <UniqueIdentifier>{a49aa16d-102d-4691-8aba-72a92c8b63e4}</UniqueIdentifier>
    </Filter>
    <Filter Include="Source Files\PBRMat">
      <UniqueIdentifier>{ef7cc603-4b1c-4026-8fbb-1f1d526f6d57}</UniqueIdentifier>
    </Filter>
    <Filter Include="Source Files\Lights">
      <UniqueIdentifier>{734157fc-1633-41b5-b497-b57e2b47f887}</UniqueIdentifier>
    </Filter>
  </ItemGroup>
  <ItemGroup>
    <CudaCompile Include="StingRay.cu">
      <Filter>Source Files</Filter>
    </CudaCompile>
    <CudaCompile Include="Display.cuh">
      <Filter>Source Files\Display</Filter>
    </CudaCompile>
    <CudaCompile Include="Display.cu">
      <Filter>Source Files\Display</Filter>
    </CudaCompile>
    <CudaCompile Include="AreaLight.cuh">
      <Filter>Source Files\Lights</Filter>
    </CudaCompile>
    <CudaCompile Include="PBRMat.cu">
      <Filter>Source Files\PBRMat</Filter>
    </CudaCompile>
    <CudaCompile Include="PBRMat.cuh">
      <Filter>Source Files\PBRMat</Filter>
    </CudaCompile>
    <CudaCompile Include="Ray.cu">
      <Filter>Source Files\Ray</Filter>
    </CudaCompile>
    <CudaCompile Include="Ray.cuh">
      <Filter>Source Files\Ray</Filter>
    </CudaCompile>
    <CudaCompile Include="Sphere.cuh">
      <Filter>Source Files\Sphere</Filter>
    </CudaCompile>
    <CudaCompile Include="Tracer.cu">
      <Filter>Source Files\Tracer</Filter>
    </CudaCompile>
    <CudaCompile Include="Tracer.cuh">
      <Filter>Source Files\Tracer</Filter>
    </CudaCompile>
    <CudaCompile Include="Vector.cu">
      <Filter>Source Files\Vector</Filter>
    </CudaCompile>
    <CudaCompile Include="Vector.cuh">
      <Filter>Source Files\Vector</Filter>
    </CudaCompile>
  </ItemGroup>
</Project>